
Microsoft Visual Studio Solution File, Format Version 12.00
# Visual Studio Version 16
VisualStudioVersion = 25.0.1705.2
MinimumVisualStudioVersion = 10.0.40219.1
Project("{FAE04EC0-301F-11D3-BF4B-00C04F79EFBC}") = "SingletonTest", "SingletonTest\SingletonTest.csproj", "{C90C3A41-254E-4C9B-A18B-478C93506780}"
EndProject
Global
	GlobalSection(SolutionConfigurationPlatforms) = preSolution
		Debug|Any CPU = Debug|Any CPU
		Release|Any CPU = Release|Any CPU
	EndGlobalSection
	GlobalSection(ProjectConfigurationPlatforms) = postSolution
		{C90C3A41-254E-4C9B-A18B-478C93506780}.Debug|Any CPU.ActiveCfg = Debug|Any CPU
		{C90C3A41-254E-4C9B-A18B-478C93506780}.Debug|Any CPU.Build.0 = Debug|Any CPU
		{C90C3A41-254E-4C9B-A18B-478C93506780}.Release|Any CPU.ActiveCfg = Release|Any CPU
		{C90C3A41-254E-4C9B-A18B-478C93506780}.Release|Any CPU.Build.0 = Release|Any CPU
	EndGlobalSection
	GlobalSection(SolutionProperties) = preSolution
		HideSolutionNode = FALSE
	EndGlobalSection
	GlobalSection(ExtensibilityGlobals) = postSolution
		SolutionGuid = {0E9DA86C-6194-41EC-AC7D-3CA4C31A2FEB}
	EndGlobalSection
EndGlobal
